
Microsoft Visual Studio Solution File, Format Version 12.00
# Visual Studio Version 17
VisualStudioVersion = 17.2.32516.85
MinimumVisualStudioVersion = 10.0.40219.1
Project("{FAE04EC0-301F-11D3-BF4B-00C04F79EFBC}") = "GestionEspacios", "GestionEspacios\GestionEspacios.csproj", "{636FA792-1C78-4CC1-898E-1D020A8DAB1C}"
EndProject
Project("{FAE04EC0-301F-11D3-BF4B-00C04F79EFBC}") = "Entities", "Entities\Entities.csproj", "{D0851492-B39F-4494-BA60-41AB2E983752}"
EndProject
Project("{FAE04EC0-301F-11D3-BF4B-00C04F79EFBC}") = "DataAccess", "DataAccess\DataAccess.csproj", "{7B6E924B-6BFD-409C-B9B9-D02D4301226F}"
EndProject
Global
	GlobalSection(SolutionConfigurationPlatforms) = preSolution
		Debug|Any CPU = Debug|Any CPU
		Release|Any CPU = Release|Any CPU
	EndGlobalSection
	GlobalSection(ProjectConfigurationPlatforms) = postSolution
		{636FA792-1C78-4CC1-898E-1D020A8DAB1C}.Debug|Any CPU.ActiveCfg = Debug|Any CPU
		{636FA792-1C78-4CC1-898E-1D020A8DAB1C}.Debug|Any CPU.Build.0 = Debug|Any CPU
		{636FA792-1C78-4CC1-898E-1D020A8DAB1C}.Release|Any CPU.ActiveCfg = Release|Any CPU
		{636FA792-1C78-4CC1-898E-1D020A8DAB1C}.Release|Any CPU.Build.0 = Release|Any CPU
		{D0851492-B39F-4494-BA60-41AB2E983752}.Debug|Any CPU.ActiveCfg = Debug|Any CPU
		{D0851492-B39F-4494-BA60-41AB2E983752}.Debug|Any CPU.Build.0 = Debug|Any CPU
		{D0851492-B39F-4494-BA60-41AB2E983752}.Release|Any CPU.ActiveCfg = Release|Any CPU
		{D0851492-B39F-4494-BA60-41AB2E983752}.Release|Any CPU.Build.0 = Release|Any CPU
		{7B6E924B-6BFD-409C-B9B9-D02D4301226F}.Debug|Any CPU.ActiveCfg = Debug|Any CPU
		{7B6E924B-6BFD-409C-B9B9-D02D4301226F}.Debug|Any CPU.Build.0 = Debug|Any CPU
		{7B6E924B-6BFD-409C-B9B9-D02D4301226F}.Release|Any CPU.ActiveCfg = Release|Any CPU
		{7B6E924B-6BFD-409C-B9B9-D02D4301226F}.Release|Any CPU.Build.0 = Release|Any CPU
	EndGlobalSection
	GlobalSection(SolutionProperties) = preSolution
		HideSolutionNode = FALSE
	EndGlobalSection
	GlobalSection(ExtensibilityGlobals) = postSolution
		SolutionGuid = {8FDB8910-6FE4-4FBA-ABA4-5446AEB447C3}
	EndGlobalSection
EndGlobal
